
Microsoft Visual Studio Solution File, Format Version 12.00
# Visual Studio Version 16
VisualStudioVersion = 16.0.31515.178
MinimumVisualStudioVersion = 10.0.40219.1
Project("{2150E333-8FDC-42A3-9474-1A3956D46DE8}") = "Homework1.0", "Homework1.0", "{830C8020-ABF2-4269-866A-E263AE6EEEBE}"
EndProject
Project("{9A19103F-16F7-4668-BE54-9A1E7A4F7556}") = "EX1", "EX1\EX1.csproj", "{F6E2BC99-184B-4E60-AC0A-40DD25B81DC0}"
EndProject
Project("{9A19103F-16F7-4668-BE54-9A1E7A4F7556}") = "EX2", "EX2\EX2.csproj", "{42CBA633-E83C-4646-8BCF-D00E4B6B1221}"
EndProject
Project("{9A19103F-16F7-4668-BE54-9A1E7A4F7556}") = "EX3", "EX3\EX3.csproj", "{4283316A-8D59-4666-9047-03CC521CA571}"
EndProject
Project("{2150E333-8FDC-42A3-9474-1A3956D46DE8}") = "Homework2.0", "Homework2.0", "{859AF032-0CD5-4582-839A-9B5593C9BD90}"
EndProject
Project("{FAE04EC0-301F-11D3-BF4B-00C04F79EFBC}") = "EX1.0", "EX1.0\EX1.0.csproj", "{9963391C-F789-42E5-ABA7-EDA8B4A8CFAB}"
EndProject
Project("{FAE04EC0-301F-11D3-BF4B-00C04F79EFBC}") = "EX2.0", "EX2.0\EX2.0.csproj", "{1B4106AD-D604-437E-81FA-33C287566502}"
EndProject
Project("{FAE04EC0-301F-11D3-BF4B-00C04F79EFBC}") = "Ex3.0", "Ex3.0\Ex3.0.csproj", "{0E72CB11-6DC5-4009-8DDE-C04D3578C03A}"
EndProject
Project("{FAE04EC0-301F-11D3-BF4B-00C04F79EFBC}") = "EX 4.0", "EX 4.0\EX 4.0.csproj", "{3544E5DA-1180-4528-80CA-495823F0CED1}"
EndProject
Global
	GlobalSection(SolutionConfigurationPlatforms) = preSolution
		Debug|Any CPU = Debug|Any CPU
		Release|Any CPU = Release|Any CPU
	EndGlobalSection
	GlobalSection(ProjectConfigurationPlatforms) = postSolution
		{F6E2BC99-184B-4E60-AC0A-40DD25B81DC0}.Debug|Any CPU.ActiveCfg = Debug|Any CPU
		{F6E2BC99-184B-4E60-AC0A-40DD25B81DC0}.Debug|Any CPU.Build.0 = Debug|Any CPU
		{F6E2BC99-184B-4E60-AC0A-40DD25B81DC0}.Release|Any CPU.ActiveCfg = Release|Any CPU
		{F6E2BC99-184B-4E60-AC0A-40DD25B81DC0}.Release|Any CPU.Build.0 = Release|Any CPU
		{42CBA633-E83C-4646-8BCF-D00E4B6B1221}.Debug|Any CPU.ActiveCfg = Debug|Any CPU
		{42CBA633-E83C-4646-8BCF-D00E4B6B1221}.Debug|Any CPU.Build.0 = Debug|Any CPU
		{42CBA633-E83C-4646-8BCF-D00E4B6B1221}.Release|Any CPU.ActiveCfg = Release|Any CPU
		{42CBA633-E83C-4646-8BCF-D00E4B6B1221}.Release|Any CPU.Build.0 = Release|Any CPU
		{4283316A-8D59-4666-9047-03CC521CA571}.Debug|Any CPU.ActiveCfg = Debug|Any CPU
		{4283316A-8D59-4666-9047-03CC521CA571}.Debug|Any CPU.Build.0 = Debug|Any CPU
		{4283316A-8D59-4666-9047-03CC521CA571}.Release|Any CPU.ActiveCfg = Release|Any CPU
		{4283316A-8D59-4666-9047-03CC521CA571}.Release|Any CPU.Build.0 = Release|Any CPU
		{9963391C-F789-42E5-ABA7-EDA8B4A8CFAB}.Debug|Any CPU.ActiveCfg = Debug|Any CPU
		{9963391C-F789-42E5-ABA7-EDA8B4A8CFAB}.Debug|Any CPU.Build.0 = Debug|Any CPU
		{9963391C-F789-42E5-ABA7-EDA8B4A8CFAB}.Release|Any CPU.ActiveCfg = Release|Any CPU
		{9963391C-F789-42E5-ABA7-EDA8B4A8CFAB}.Release|Any CPU.Build.0 = Release|Any CPU
		{1B4106AD-D604-437E-81FA-33C287566502}.Debug|Any CPU.ActiveCfg = Debug|Any CPU
		{1B4106AD-D604-437E-81FA-33C287566502}.Debug|Any CPU.Build.0 = Debug|Any CPU
		{1B4106AD-D604-437E-81FA-33C287566502}.Release|Any CPU.ActiveCfg = Release|Any CPU
		{1B4106AD-D604-437E-81FA-33C287566502}.Release|Any CPU.Build.0 = Release|Any CPU
		{0E72CB11-6DC5-4009-8DDE-C04D3578C03A}.Debug|Any CPU.ActiveCfg = Debug|Any CPU
		{0E72CB11-6DC5-4009-8DDE-C04D3578C03A}.Debug|Any CPU.Build.0 = Debug|Any CPU
		{0E72CB11-6DC5-4009-8DDE-C04D3578C03A}.Release|Any CPU.ActiveCfg = Release|Any CPU
		{0E72CB11-6DC5-4009-8DDE-C04D3578C03A}.Release|Any CPU.Build.0 = Release|Any CPU
		{3544E5DA-1180-4528-80CA-495823F0CED1}.Debug|Any CPU.ActiveCfg = Debug|Any CPU
		{3544E5DA-1180-4528-80CA-495823F0CED1}.Debug|Any CPU.Build.0 = Debug|Any CPU
		{3544E5DA-1180-4528-80CA-495823F0CED1}.Release|Any CPU.ActiveCfg = Release|Any CPU
		{3544E5DA-1180-4528-80CA-495823F0CED1}.Release|Any CPU.Build.0 = Release|Any CPU
	EndGlobalSection
	GlobalSection(SolutionProperties) = preSolution
		HideSolutionNode = FALSE
	EndGlobalSection
	GlobalSection(NestedProjects) = preSolution
		{F6E2BC99-184B-4E60-AC0A-40DD25B81DC0} = {830C8020-ABF2-4269-866A-E263AE6EEEBE}
		{42CBA633-E83C-4646-8BCF-D00E4B6B1221} = {830C8020-ABF2-4269-866A-E263AE6EEEBE}
		{4283316A-8D59-4666-9047-03CC521CA571} = {830C8020-ABF2-4269-866A-E263AE6EEEBE}
		{9963391C-F789-42E5-ABA7-EDA8B4A8CFAB} = {859AF032-0CD5-4582-839A-9B5593C9BD90}
		{1B4106AD-D604-437E-81FA-33C287566502} = {859AF032-0CD5-4582-839A-9B5593C9BD90}
		{0E72CB11-6DC5-4009-8DDE-C04D3578C03A} = {859AF032-0CD5-4582-839A-9B5593C9BD90}
		{3544E5DA-1180-4528-80CA-495823F0CED1} = {859AF032-0CD5-4582-839A-9B5593C9BD90}
	EndGlobalSection
	GlobalSection(ExtensibilityGlobals) = postSolution
		SolutionGuid = {BDB11CE7-E6C3-41C3-BB84-40C8999B7CA6}
	EndGlobalSection
EndGlobal
